
Microsoft Visual Studio Solution File, Format Version 12.00
# Visual Studio 15
VisualStudioVersion = 15.0.27130.0
MinimumVisualStudioVersion = 10.0.40219.1
Project("{9A19103F-16F7-4668-BE54-9A1E7A4F7556}") = "WmNosql.Proxy", "WmNosql.Proxy\WmNosql.Proxy.csproj", "{19475B67-F612-4C0F-82CA-93AD9359AFF3}"
EndProject
Project("{9A19103F-16F7-4668-BE54-9A1E7A4F7556}") = "WmNosql.Cmd", "WmNosql.Cmd\WmNosql.Cmd.csproj", "{11AA0CEC-2D17-4D04-82E5-D6DF6E4C09AE}"
EndProject
Project("{9A19103F-16F7-4668-BE54-9A1E7A4F7556}") = "WmNosql.RazorPage", "WmNosql.RazorPage\WmNosql.RazorPage.csproj", "{DC5F755C-D2E7-4FEA-9915-2DB9D01588EA}"
EndProject
Global
	GlobalSection(SolutionConfigurationPlatforms) = preSolution
		Debug|Any CPU = Debug|Any CPU
		Release|Any CPU = Release|Any CPU
	EndGlobalSection
	GlobalSection(ProjectConfigurationPlatforms) = postSolution
		{19475B67-F612-4C0F-82CA-93AD9359AFF3}.Debug|Any CPU.ActiveCfg = Debug|Any CPU
		{19475B67-F612-4C0F-82CA-93AD9359AFF3}.Debug|Any CPU.Build.0 = Debug|Any CPU
		{19475B67-F612-4C0F-82CA-93AD9359AFF3}.Release|Any CPU.ActiveCfg = Release|Any CPU
		{19475B67-F612-4C0F-82CA-93AD9359AFF3}.Release|Any CPU.Build.0 = Release|Any CPU
		{11AA0CEC-2D17-4D04-82E5-D6DF6E4C09AE}.Debug|Any CPU.ActiveCfg = Debug|Any CPU
		{11AA0CEC-2D17-4D04-82E5-D6DF6E4C09AE}.Debug|Any CPU.Build.0 = Debug|Any CPU
		{11AA0CEC-2D17-4D04-82E5-D6DF6E4C09AE}.Release|Any CPU.ActiveCfg = Release|Any CPU
		{11AA0CEC-2D17-4D04-82E5-D6DF6E4C09AE}.Release|Any CPU.Build.0 = Release|Any CPU
		{DC5F755C-D2E7-4FEA-9915-2DB9D01588EA}.Debug|Any CPU.ActiveCfg = Debug|Any CPU
		{DC5F755C-D2E7-4FEA-9915-2DB9D01588EA}.Debug|Any CPU.Build.0 = Debug|Any CPU
		{DC5F755C-D2E7-4FEA-9915-2DB9D01588EA}.Release|Any CPU.ActiveCfg = Release|Any CPU
		{DC5F755C-D2E7-4FEA-9915-2DB9D01588EA}.Release|Any CPU.Build.0 = Release|Any CPU
	EndGlobalSection
	GlobalSection(SolutionProperties) = preSolution
		HideSolutionNode = FALSE
	EndGlobalSection
	GlobalSection(ExtensibilityGlobals) = postSolution
		SolutionGuid = {67D5945B-7AC1-46EA-B26F-17C77BBC0745}
	EndGlobalSection
EndGlobal
